{
  "pins" : [
    {
      "identity" : "eureka",
      "kind" : "remoteSourceControl",
      "location" : "https://github.com/xmartlabs/Eureka.git",
      "state" : {
        "revision" : "b6e35acf77a5551070afa6248935ec68e71f22af",
        "version" : "5.4.0"
      }
    },
    {
      "identity" : "swiftui-map-item-picker",
      "kind" : "remoteSourceControl",
      "location" : "https://github.com/lorenzofiamingo/swiftui-map-item-picker",
      "state" : {
        "revision" : "48e0bdbcecc901b0cfd6962f0b42225136789c07",
        "version" : "2.0.0"
      }
    }
  ],
  "version" : 2
}
